
Microsoft Visual Studio Solution File, Format Version 12.00
# Visual Studio 14
VisualStudioVersion = 14.0.24720.0
MinimumVisualStudioVersion = 10.0.40219.1
Project("{8BC9CEB8-8B4A-11D0-8D11-00A0C91BC942}") = "App14", "App14.vcxproj", "{CE443DF0-A9A9-4FB9-AADE-2651F8D48DFF}"
EndProject
Global
	GlobalSection(SolutionConfigurationPlatforms) = preSolution
		Debug|ARM = Debug|ARM
		Debug|x64 = Debug|x64
		Debug|x86 = Debug|x86
		Release|ARM = Release|ARM
		Release|x64 = Release|x64
		Release|x86 = Release|x86
	EndGlobalSection
	GlobalSection(ProjectConfigurationPlatforms) = postSolution
		{CE443DF0-A9A9-4FB9-AADE-2651F8D48DFF}.Debug|ARM.ActiveCfg = Debug|ARM
		{CE443DF0-A9A9-4FB9-AADE-2651F8D48DFF}.Debug|ARM.Build.0 = Debug|ARM
		{CE443DF0-A9A9-4FB9-AADE-2651F8D48DFF}.Debug|ARM.Deploy.0 = Debug|ARM
		{CE443DF0-A9A9-4FB9-AADE-2651F8D48DFF}.Debug|x64.ActiveCfg = Debug|x64
		{CE443DF0-A9A9-4FB9-AADE-2651F8D48DFF}.Debug|x64.Build.0 = Debug|x64
		{CE443DF0-A9A9-4FB9-AADE-2651F8D48DFF}.Debug|x64.Deploy.0 = Debug|x64
		{CE443DF0-A9A9-4FB9-AADE-2651F8D48DFF}.Debug|x86.ActiveCfg = Debug|Win32
		{CE443DF0-A9A9-4FB9-AADE-2651F8D48DFF}.Debug|x86.Build.0 = Debug|Win32
		{CE443DF0-A9A9-4FB9-AADE-2651F8D48DFF}.Debug|x86.Deploy.0 = Debug|Win32
		{CE443DF0-A9A9-4FB9-AADE-2651F8D48DFF}.Release|ARM.ActiveCfg = Release|ARM
		{CE443DF0-A9A9-4FB9-AADE-2651F8D48DFF}.Release|ARM.Build.0 = Release|ARM
		{CE443DF0-A9A9-4FB9-AADE-2651F8D48DFF}.Release|ARM.Deploy.0 = Release|ARM
		{CE443DF0-A9A9-4FB9-AADE-2651F8D48DFF}.Release|x64.ActiveCfg = Release|x64
		{CE443DF0-A9A9-4FB9-AADE-2651F8D48DFF}.Release|x64.Build.0 = Release|x64
		{CE443DF0-A9A9-4FB9-AADE-2651F8D48DFF}.Release|x64.Deploy.0 = Release|x64
		{CE443DF0-A9A9-4FB9-AADE-2651F8D48DFF}.Release|x86.ActiveCfg = Release|Win32
		{CE443DF0-A9A9-4FB9-AADE-2651F8D48DFF}.Release|x86.Build.0 = Release|Win32
		{CE443DF0-A9A9-4FB9-AADE-2651F8D48DFF}.Release|x86.Deploy.0 = Release|Win32
	EndGlobalSection
	GlobalSection(SolutionProperties) = preSolution
		HideSolutionNode = FALSE
	EndGlobalSection
EndGlobal
